// !$*UTF8*$!
{
	archiveVersion = 1;
	classes = {
	};
	objectVersion = 48;
	objects = {

/* Begin PBXBuildFile section */
		CC3482581F76D731007F0655 /* PictureFrame.swift in Sources */ = {isa = PBXBuildFile; fileRef = CC3482571F76D731007F0655 /* PictureFrame.swift */; };
		CC8E81BD1F75F30900A697A0 /* AppDelegate.swift in Sources */ = {isa = PBXBuildFile; fileRef = CC8E81BC1F75F30900A697A0 /* AppDelegate.swift */; };
		CC8E81BF1F75F30A00A697A0 /* art.scnassets in Resources */ = {isa = PBXBuildFile; fileRef = CC8E81BE1F75F30A00A697A0 /* art.scnassets */; };
		CC8E81C11F75F30A00A697A0 /* ViewController.swift in Sources */ = {isa = PBXBuildFile; fileRef = CC8E81C01F75F30A00A697A0 /* ViewController.swift */; };
		CC8E81C41F75F30A00A697A0 /* Main.storyboard in Resources */ = {isa = PBXBuildFile; fileRef = CC8E81C21F75F30A00A697A0 /* Main.storyboard */; };
		CC8E81C61F75F30A00A697A0 /* Assets.xcassets in Resources */ = {isa = PBXBuildFile; fileRef = CC8E81C51F75F30A00A697A0 /* Assets.xcassets */; };
		CC8E81C91F75F30A00A697A0 /* LaunchScreen.storyboard in Resources */ = {isa = PBXBuildFile; fileRef = CC8E81C71F75F30A00A697A0 /* LaunchScreen.storyboard */; };
/* End PBXBuildFile section */

/* Begin PBXFileReference section */
		CC3482571F76D731007F0655 /* PictureFrame.swift */ = {isa = PBXFileReference; lastKnownFileType = sourcecode.swift; path = PictureFrame.swift; sourceTree = "<group>"; };
		CC8E81B91F75F30900A697A0 /* PixelAR.app */ = {isa = PBXFileReference; explicitFileType = wrapper.application; includeInIndex = 0; path = PixelAR.app; sourceTree = BUILT_PRODUCTS_DIR; };
		CC8E81BC1F75F30900A697A0 /* AppDelegate.swift */ = {isa = PBXFileReference; lastKnownFileType = sourcecode.swift; path = AppDelegate.swift; sourceTree = "<group>"; };
		CC8E81BE1F75F30A00A697A0 /* art.scnassets */ = {isa = PBXFileReference; lastKnownFileType = wrapper.scnassets; path = art.scnassets; sourceTree = "<group>"; };
		CC8E81C01F75F30A00A697A0 /* ViewController.swift */ = {isa = PBXFileReference; lastKnownFileType = sourcecode.swift; path = ViewController.swift; sourceTree = "<group>"; };
		CC8E81C31F75F30A00A697A0 /* Base */ = {isa = PBXFileReference; lastKnownFileType = file.storyboard; name = Base; path = Base.lproj/Main.storyboard; sourceTree = "<group>"; };
		CC8E81C51F75F30A00A697A0 /* Assets.xcassets */ = {isa = PBXFileReference; lastKnownFileType = folder.assetcatalog; path = Assets.xcassets; sourceTree = "<group>"; };
		CC8E81C81F75F30A00A697A0 /* Base */ = {isa = PBXFileReference; lastKnownFileType = file.storyboard; name = Base; path = Base.lproj/LaunchScreen.storyboard; sourceTree = "<group>"; };
		CC8E81CA1F75F30A00A697A0 /* Info.plist */ = {isa = PBXFileReference; lastKnownFileType = text.plist.xml; path = Info.plist; sourceTree = "<group>"; };
/* End PBXFileReference section */

/* Begin PBXFrameworksBuildPhase section */
		CC8E81B61F75F30900A697A0 /* Frameworks */ = {
			isa = PBXFrameworksBuildPhase;
			buildActionMask = 2147483647;
			files = (
			);
			runOnlyForDeploymentPostprocessing = 0;
		};
/* End PBXFrameworksBuildPhase section */

/* Begin PBXGroup section */
		CC8E81B01F75F30900A697A0 = {
			isa = PBXGroup;
			children = (
				CC8E81BB1F75F30900A697A0 /* PixelAR */,
				CC8E81BA1F75F30900A697A0 /* Products */,
			);
			sourceTree = "<group>";
		};
		CC8E81BA1F75F30900A697A0 /* Products */ = {
			isa = PBXGroup;
			children = (
				CC8E81B91F75F30900A697A0 /* PixelAR.app */,
			);
			name = Products;
			sourceTree = "<group>";
		};
		CC8E81BB1F75F30900A697A0 /* PixelAR */ = {
			isa = PBXGroup;
			children = (
				CC8E81D01F75F32700A697A0 /* Resources */,
				CC8E81BC1F75F30900A697A0 /* AppDelegate.swift */,
				CC8E81C01F75F30A00A697A0 /* ViewController.swift */,
				CC8E81C21F75F30A00A697A0 /* Main.storyboard */,
				CC8E81C71F75F30A00A697A0 /* LaunchScreen.storyboard */,
				CC8E81CA1F75F30A00A697A0 /* Info.plist */,
				CC3482571F76D731007F0655 /* PictureFrame.swift */,
			);
			path = PixelAR;
			sourceTree = "<group>";
		};
		CC8E81D01F75F32700A697A0 /* Resources */ = {
			isa = PBXGroup;
			children = (
				CC8E81BE1F75F30A00A697A0 /* art.scnassets */,
				CC8E81C51F75F30A00A697A0 /* Assets.xcassets */,
			);
			path = Resources;
			sourceTree = "<group>";
		};
/* End PBXGroup section */

/* Begin PBXNativeTarget section */
		CC8E81B81F75F30900A697A0 /* PixelAR */ = {
			isa = PBXNativeTarget;
			buildConfigurationList = CC8E81CD1F75F30A00A697A0 /* Build configuration list for PBXNativeTarget "PixelAR" */;
			buildPhases = (
				CC8E81B51F75F30900A697A0 /* Sources */,
				CC8E81B61F75F30900A697A0 /* Frameworks */,
				CC8E81B71F75F30900A697A0 /* Resources */,
			);
			buildRules = (
			);
			dependencies = (
			);
			name = PixelAR;
			productName = PixelAR;
			productReference = CC8E81B91F75F30900A697A0 /* PixelAR.app */;
			productType = "com.apple.product-type.application";
		};
/* End PBXNativeTarget section */

/* Begin PBXProject section */
		CC8E81B11F75F30900A697A0 /* Project object */ = {
			isa = PBXProject;
			attributes = {
				LastSwiftUpdateCheck = 0900;
				LastUpgradeCheck = 0900;
				ORGANIZATIONNAME = "Byfield, Jade";
				TargetAttributes = {
					CC8E81B81F75F30900A697A0 = {
						CreatedOnToolsVersion = 9.0;
						ProvisioningStyle = Automatic;
					};
				};
			};
			buildConfigurationList = CC8E81B41F75F30900A697A0 /* Build configuration list for PBXProject "PixelAR" */;
			compatibilityVersion = "Xcode 8.0";
			developmentRegion = en;
			hasScannedForEncodings = 0;
			knownRegions = (
				en,
				Base,
			);
			mainGroup = CC8E81B01F75F30900A697A0;
			productRefGroup = CC8E81BA1F75F30900A697A0 /* Products */;
			projectDirPath = "";
			projectRoot = "";
			targets = (
				CC8E81B81F75F30900A697A0 /* PixelAR */,
			);
		};
/* End PBXProject section */

/* Begin PBXResourcesBuildPhase section */
		CC8E81B71F75F30900A697A0 /* Resources */ = {
			isa = PBXResourcesBuildPhase;
			buildActionMask = 2147483647;
			files = (
				CC8E81BF1F75F30A00A697A0 /* art.scnassets in Resources */,
				CC8E81C91F75F30A00A697A0 /* LaunchScreen.storyboard in Resources */,
				CC8E81C61F75F30A00A697A0 /* Assets.xcassets in Resources */,
				CC8E81C41F75F30A00A697A0 /* Main.storyboard in Resources */,
			);
			runOnlyForDeploymentPostprocessing = 0;
		};
/* End PBXResourcesBuildPhase section */

/* Begin PBXSourcesBuildPhase section */
		CC8E81B51F75F30900A697A0 /* Sources */ = {
			isa = PBXSourcesBuildPhase;
			buildActionMask = 2147483647;
			files = (
				CC8E81C11F75F30A00A697A0 /* ViewController.swift in Sources */,
				CC8E81BD1F75F30900A697A0 /* AppDelegate.swift in Sources */,
				CC3482581F76D731007F0655 /* PictureFrame.swift in Sources */,
			);
			runOnlyForDeploymentPostprocessing = 0;
		};
/* End PBXSourcesBuildPhase section */

/* Begin PBXVariantGroup section */
		CC8E81C21F75F30A00A697A0 /* Main.storyboard */ = {
			isa = PBXVariantGroup;
			children = (
				CC8E81C31F75F30A00A697A0 /* Base */,
			);
			name = Main.storyboard;
			sourceTree = "<group>";
		};
		CC8E81C71F75F30A00A697A0 /* LaunchScreen.storyboard */ = {
			isa = PBXVariantGroup;
			children = (
				CC8E81C81F75F30A00A697A0 /* Base */,
			);
			name = LaunchScreen.storyboard;
			sourceTree = "<group>";
		};
/* End PBXVariantGroup section */

/* Begin XCBuildConfiguration section */
		CC8E81CB1F75F30A00A697A0 /* Debug */ = {
			isa = XCBuildConfiguration;
			buildSettings = {
				ALWAYS_SEARCH_USER_PATHS = NO;
				CLANG_ANALYZER_NONNULL = YES;
				CLANG_ANALYZER_NUMBER_OBJECT_CONVERSION = YES_AGGRESSIVE;
				CLANG_CXX_LANGUAGE_STANDARD = "gnu++14";
				CLANG_CXX_LIBRARY = "libc++";
				CLANG_ENABLE_MODULES = YES;
				CLANG_ENABLE_OBJC_ARC = YES;
				CLANG_WARN_BLOCK_CAPTURE_AUTORELEASING = YES;
				CLANG_WARN_BOOL_CONVERSION = YES;
				CLANG_WARN_COMMA = YES;
				CLANG_WARN_CONSTANT_CONVERSION = YES;
				CLANG_WARN_DIRECT_OBJC_ISA_USAGE = YES_ERROR;
				CLANG_WARN_DOCUMENTATION_COMMENTS = YES;
				CLANG_WARN_EMPTY_BODY = YES;
				CLANG_WARN_ENUM_CONVERSION = YES;
				CLANG_WARN_INFINITE_RECURSION = YES;
				CLANG_WARN_INT_CONVERSION = YES;
				CLANG_WARN_NON_LITERAL_NULL_CONVERSION = YES;
				CLANG_WARN_OBJC_LITERAL_CONVERSION = YES;
				CLANG_WARN_OBJC_ROOT_CLASS = YES_ERROR;
				CLANG_WARN_RANGE_LOOP_ANALYSIS = YES;
				CLANG_WARN_STRICT_PROTOTYPES = YES;
				CLANG_WARN_SUSPICIOUS_MOVE = YES;
				CLANG_WARN_UNGUARDED_AVAILABILITY = YES_AGGRESSIVE;
				CLANG_WARN_UNREACHABLE_CODE = YES;
				CLANG_WARN__DUPLICATE_METHOD_MATCH = YES;
				CODE_SIGN_IDENTITY = "iPhone Developer";
				COPY_PHASE_STRIP = NO;
				DEBUG_INFORMATION_FORMAT = dwarf;
				ENABLE_STRICT_OBJC_MSGSEND = YES;
				ENABLE_TESTABILITY = YES;
				GCC_C_LANGUAGE_STANDARD = gnu11;
				GCC_DYNAMIC_NO_PIC = NO;
				GCC_NO_COMMON_BLOCKS = YES;
				GCC_OPTIMIZATION_LEVEL = 0;
				GCC_PREPROCESSOR_DEFINITIONS = (
					"DEBUG=1",
					"$(inherited)",
				);
				GCC_WARN_64_TO_32_BIT_CONVERSION = YES;
				GCC_WARN_ABOUT_RETURN_TYPE = YES_ERROR;
				GCC_WARN_UNDECLARED_SELECTOR = YES;
				GCC_WARN_UNINITIALIZED_AUTOS = YES_AGGRESSIVE;
				GCC_WARN_UNUSED_FUNCTION = YES;
				GCC_WARN_UNUSED_VARIABLE = YES;
				IPHONEOS_DEPLOYMENT_TARGET = 11.0;
				MTL_ENABLE_DEBUG_INFO = YES;
				ONLY_ACTIVE_ARCH = YES;
				SDKROOT = iphoneos;
				SWIFT_ACTIVE_COMPILATION_CONDITIONS = DEBUG;
				SWIFT_OPTIMIZATION_LEVEL = "-Onone";
			};
			name = Debug;
		};
		CC8E81CC1F75F30A00A697A0 /* Release */ = {
			isa = XCBuildConfiguration;
			buildSettings = {
				ALWAYS_SEARCH_USER_PATHS = NO;
				CLANG_ANALYZER_NONNULL = YES;
				CLANG_ANALYZER_NUMBER_OBJECT_CONVERSION = YES_AGGRESSIVE;
				CLANG_CXX_LANGUAGE_STANDARD = "gnu++14";
				CLANG_CXX_LIBRARY = "libc++";
				CLANG_ENABLE_MODULES = YES;
				CLANG_ENABLE_OBJC_ARC = YES;
				CLANG_WARN_BLOCK_CAPTURE_AUTORELEASING = YES;
				CLANG_WARN_BOOL_CONVERSION = YES;
				CLANG_WARN_COMMA = YES;
				CLANG_WARN_CONSTANT_CONVERSION = YES;
				CLANG_WARN_DIRECT_OBJC_ISA_USAGE = YES_ERROR;
				CLANG_WARN_DOCUMENTATION_COMMENTS = YES;
				CLANG_WARN_EMPTY_BODY = YES;
				CLANG_WARN_ENUM_CONVERSION = YES;
				CLANG_WARN_INFINITE_RECURSION = YES;
				CLANG_WARN_INT_CONVERSION = YES;
				CLANG_WARN_NON_LITERAL_NULL_CONVERSION = YES;
				CLANG_WARN_OBJC_LITERAL_CONVERSION = YES;
				CLANG_WARN_OBJC_ROOT_CLASS = YES_ERROR;
				CLANG_WARN_RANGE_LOOP_ANALYSIS = YES;
				CLANG_WARN_STRICT_PROTOTYPES = YES;
				CLANG_WARN_SUSPICIOUS_MOVE = YES;
				CLANG_WARN_UNGUARDED_AVAILABILITY = YES_AGGRESSIVE;
				CLANG_WARN_UNREACHABLE_CODE = YES;
				CLANG_WARN__DUPLICATE_METHOD_MATCH = YES;
				CODE_SIGN_IDENTITY = "iPhone Developer";
				COPY_PHASE_STRIP = NO;
				DEBUG_INFORMATION_FORMAT = "dwarf-with-dsym";
				ENABLE_NS_ASSERTIONS = NO;
				ENABLE_STRICT_OBJC_MSGSEND = YES;
				GCC_C_LANGUAGE_STANDARD = gnu11;
				GCC_NO_COMMON_BLOCKS = YES;
				GCC_WARN_64_TO_32_BIT_CONVERSION = YES;
				GCC_WARN_ABOUT_RETURN_TYPE = YES_ERROR;
				GCC_WARN_UNDECLARED_SELECTOR = YES;
				GCC_WARN_UNINITIALIZED_AUTOS = YES_AGGRESSIVE;
				GCC_WARN_UNUSED_FUNCTION = YES;
				GCC_WARN_UNUSED_VARIABLE = YES;
				IPHONEOS_DEPLOYMENT_TARGET = 11.0;
				MTL_ENABLE_DEBUG_INFO = NO;
				SDKROOT = iphoneos;
				SWIFT_OPTIMIZATION_LEVEL = "-Owholemodule";
				VALIDATE_PRODUCT = YES;
			};
			name = Release;
		};
		CC8E81CE1F75F30A00A697A0 /* Debug */ = {
			isa = XCBuildConfiguration;
			buildSettings = {
				ASSETCATALOG_COMPILER_APPICON_NAME = AppIcon;
				CODE_SIGN_STYLE = Automatic;
				DEVELOPMENT_TEAM = UR5A2YWQUM;
				INFOPLIST_FILE = PixelAR/Info.plist;
				LD_RUNPATH_SEARCH_PATHS = "$(inherited) @executable_path/Frameworks";
				PRODUCT_BUNDLE_IDENTIFIER = com.aquarius.PixelAR;
				PRODUCT_NAME = "$(TARGET_NAME)";
				SWIFT_VERSION = 4.0;
				TARGETED_DEVICE_FAMILY = "1,2";
			};
			name = Debug;
		};
		CC8E81CF1F75F30A00A697A0 /* Release */ = {
			isa = XCBuildConfiguration;
			buildSettings = {
				ASSETCATALOG_COMPILER_APPICON_NAME = AppIcon;
				CODE_SIGN_STYLE = Automatic;
				DEVELOPMENT_TEAM = UR5A2YWQUM;
				INFOPLIST_FILE = PixelAR/Info.plist;
				LD_RUNPATH_SEARCH_PATHS = "$(inherited) @executable_path/Frameworks";
				PRODUCT_BUNDLE_IDENTIFIER = com.aquarius.PixelAR;
				PRODUCT_NAME = "$(TARGET_NAME)";
				SWIFT_VERSION = 4.0;
				TARGETED_DEVICE_FAMILY = "1,2";
			};
			name = Release;
		};
/* End XCBuildConfiguration section */

/* Begin XCConfigurationList section */
		CC8E81B41F75F30900A697A0 /* Build configuration list for PBXProject "PixelAR" */ = {
			isa = XCConfigurationList;
			buildConfigurations = (
				CC8E81CB1F75F30A00A697A0 /* Debug */,
				CC8E81CC1F75F30A00A697A0 /* Release */,
			);
			defaultConfigurationIsVisible = 0;
			defaultConfigurationName = Release;
		};
		CC8E81CD1F75F30A00A697A0 /* Build configuration list for PBXNativeTarget "PixelAR" */ = {
			isa = XCConfigurationList;
			buildConfigurations = (
				CC8E81CE1F75F30A00A697A0 /* Debug */,
				CC8E81CF1F75F30A00A697A0 /* Release */,
			);
			defaultConfigurationIsVisible = 0;
			defaultConfigurationName = Release;
		};
/* End XCConfigurationList section */
	};
	rootObject = CC8E81B11F75F30900A697A0 /* Project object */;
}
